
Microsoft Visual Studio Solution File, Format Version 12.00
# Visual Studio 15
VisualStudioVersion = 15.0.28307.168
MinimumVisualStudioVersion = 10.0.40219.1
Project("{8BC9CEB8-8B4A-11D0-8D11-00A0C91BC942}") = "runLua", "runLua\runLua.vcxproj", "{D253F2E6-95E0-4164-ABDB-997D0C83A37C}"
EndProject
Global
	GlobalSection(SolutionConfigurationPlatforms) = preSolution
		Debug|x64 = Debug|x64
		Release|x64 = Release|x64
	EndGlobalSection
	GlobalSection(ProjectConfigurationPlatforms) = postSolution
		{D253F2E6-95E0-4164-ABDB-997D0C83A37C}.Debug|x64.ActiveCfg = Debug|x64
		{D253F2E6-95E0-4164-ABDB-997D0C83A37C}.Debug|x64.Build.0 = Debug|x64
		{D253F2E6-95E0-4164-ABDB-997D0C83A37C}.Release|x64.ActiveCfg = Release|x64
		{D253F2E6-95E0-4164-ABDB-997D0C83A37C}.Release|x64.Build.0 = Release|x64
	EndGlobalSection
	GlobalSection(SolutionProperties) = preSolution
		HideSolutionNode = FALSE
	EndGlobalSection
	GlobalSection(ExtensibilityGlobals) = postSolution
		SolutionGuid = {1FF82754-05E9-4541-95F3-50D351DA1AFF}
	EndGlobalSection
EndGlobal
